
Microsoft Visual Studio Solution File, Format Version 12.00
# Visual Studio Version 16
VisualStudioVersion = 16.0.30225.117
MinimumVisualStudioVersion = 10.0.40219.1
Project("{FAE04EC0-301F-11D3-BF4B-00C04F79EFBC}") = "SE_Project", "SE_Project\SE_Project.csproj", "{9F25FDCA-4DCE-4D51-B744-7A3735FE1C1B}"
EndProject
Global
	GlobalSection(SolutionConfigurationPlatforms) = preSolution
		Debug|Any CPU = Debug|Any CPU
		Release|Any CPU = Release|Any CPU
	EndGlobalSection
	GlobalSection(ProjectConfigurationPlatforms) = postSolution
		{9F25FDCA-4DCE-4D51-B744-7A3735FE1C1B}.Debug|Any CPU.ActiveCfg = Debug|Any CPU
		{9F25FDCA-4DCE-4D51-B744-7A3735FE1C1B}.Debug|Any CPU.Build.0 = Debug|Any CPU
		{9F25FDCA-4DCE-4D51-B744-7A3735FE1C1B}.Release|Any CPU.ActiveCfg = Release|Any CPU
		{9F25FDCA-4DCE-4D51-B744-7A3735FE1C1B}.Release|Any CPU.Build.0 = Release|Any CPU
	EndGlobalSection
	GlobalSection(SolutionProperties) = preSolution
		HideSolutionNode = FALSE
	EndGlobalSection
	GlobalSection(ExtensibilityGlobals) = postSolution
		SolutionGuid = {4E758434-D024-4159-AF4E-55C0C78E8143}
	EndGlobalSection
EndGlobal
